
Microsoft Visual Studio Solution File, Format Version 12.00
# Visual Studio 14
VisualStudioVersion = 14.0.25123.0
MinimumVisualStudioVersion = 10.0.40219.1
Project("{2BA28D71-9C24-484B-BC96-5FF6EFB27BB9}") = "Sitecore.Support.166359", "Sitecore.Support.166359\Sitecore.Support.166359.csproj", "{76F2F4C4-D717-461C-9F97-465E2F74A63E}"
EndProject
Global
	GlobalSection(SolutionConfigurationPlatforms) = preSolution
		Debug|Any CPU = Debug|Any CPU
		Release|Any CPU = Release|Any CPU
	EndGlobalSection
	GlobalSection(ProjectConfigurationPlatforms) = postSolution
		{76F2F4C4-D717-461C-9F97-465E2F74A63E}.Debug|Any CPU.ActiveCfg = Debug|Any CPU
		{76F2F4C4-D717-461C-9F97-465E2F74A63E}.Debug|Any CPU.Build.0 = Debug|Any CPU
		{76F2F4C4-D717-461C-9F97-465E2F74A63E}.Release|Any CPU.ActiveCfg = Release|Any CPU
		{76F2F4C4-D717-461C-9F97-465E2F74A63E}.Release|Any CPU.Build.0 = Release|Any CPU
	EndGlobalSection
	GlobalSection(SolutionProperties) = preSolution
		HideSolutionNode = FALSE
	EndGlobalSection
EndGlobal
